
Microsoft Visual Studio Solution File, Format Version 12.00
# Visual Studio Version 16
VisualStudioVersion = 16.0.30406.217
MinimumVisualStudioVersion = 10.0.40219.1
Project("{FAE04EC0-301F-11D3-BF4B-00C04F79EFBC}") = "Demo", "Demo\Demo.csproj", "{FFB4C5E1-3757-448E-83A0-D9509741F8BA}"
EndProject
Global
	GlobalSection(SolutionConfigurationPlatforms) = preSolution
		Debug|Any CPU = Debug|Any CPU
		Release|Any CPU = Release|Any CPU
	EndGlobalSection
	GlobalSection(ProjectConfigurationPlatforms) = postSolution
		{FFB4C5E1-3757-448E-83A0-D9509741F8BA}.Debug|Any CPU.ActiveCfg = Debug|Any CPU
		{FFB4C5E1-3757-448E-83A0-D9509741F8BA}.Debug|Any CPU.Build.0 = Debug|Any CPU
		{FFB4C5E1-3757-448E-83A0-D9509741F8BA}.Release|Any CPU.ActiveCfg = Release|Any CPU
		{FFB4C5E1-3757-448E-83A0-D9509741F8BA}.Release|Any CPU.Build.0 = Release|Any CPU
	EndGlobalSection
	GlobalSection(SolutionProperties) = preSolution
		HideSolutionNode = FALSE
	EndGlobalSection
	GlobalSection(ExtensibilityGlobals) = postSolution
		SolutionGuid = {90C7E8DB-2B9E-4051-A8F5-22939989C156}
	EndGlobalSection
EndGlobal
